
Microsoft Visual Studio Solution File, Format Version 12.00
# Visual Studio Version 16
VisualStudioVersion = 16.0.31624.102
MinimumVisualStudioVersion = 10.0.40219.1
Project("{FAE04EC0-301F-11D3-BF4B-00C04F79EFBC}") = "Passenger.Core", "Passenger.Core\Passenger.Core.csproj", "{E6473E4A-21AE-4172-89F6-218BD90DDC69}"
EndProject
Project("{FAE04EC0-301F-11D3-BF4B-00C04F79EFBC}") = "Passenger.Infrastructure", "Passenger.Infrastructure\Passenger.Infrastructure.csproj", "{06E2FBDF-859A-4BAD-AD38-3F89BA436355}"
EndProject
Project("{FAE04EC0-301F-11D3-BF4B-00C04F79EFBC}") = "Passenger.Api", "Passenger.Api\Passenger.Api.csproj", "{0CBC5259-9088-4B26-938B-F028F6FECB44}"
EndProject
Project("{FAE04EC0-301F-11D3-BF4B-00C04F79EFBC}") = "Passenger.Tests", "Passenger.Tests\Passenger.Tests.csproj", "{446B5940-2216-4624-B1F3-63463AB38AEA}"
EndProject
Project("{FAE04EC0-301F-11D3-BF4B-00C04F79EFBC}") = "Passenger.Tests.EndToEnd", "Passenger.Tests.EndToEnd\Passenger.Tests.EndToEnd.csproj", "{93918FBB-02A9-4D28-98C5-F7589A929973}"
EndProject
Global
	GlobalSection(SolutionConfigurationPlatforms) = preSolution
		Debug|Any CPU = Debug|Any CPU
		Release|Any CPU = Release|Any CPU
	EndGlobalSection
	GlobalSection(ProjectConfigurationPlatforms) = postSolution
		{E6473E4A-21AE-4172-89F6-218BD90DDC69}.Debug|Any CPU.ActiveCfg = Debug|Any CPU
		{E6473E4A-21AE-4172-89F6-218BD90DDC69}.Debug|Any CPU.Build.0 = Debug|Any CPU
		{E6473E4A-21AE-4172-89F6-218BD90DDC69}.Release|Any CPU.ActiveCfg = Release|Any CPU
		{E6473E4A-21AE-4172-89F6-218BD90DDC69}.Release|Any CPU.Build.0 = Release|Any CPU
		{06E2FBDF-859A-4BAD-AD38-3F89BA436355}.Debug|Any CPU.ActiveCfg = Debug|Any CPU
		{06E2FBDF-859A-4BAD-AD38-3F89BA436355}.Debug|Any CPU.Build.0 = Debug|Any CPU
		{06E2FBDF-859A-4BAD-AD38-3F89BA436355}.Release|Any CPU.ActiveCfg = Release|Any CPU
		{06E2FBDF-859A-4BAD-AD38-3F89BA436355}.Release|Any CPU.Build.0 = Release|Any CPU
		{0CBC5259-9088-4B26-938B-F028F6FECB44}.Debug|Any CPU.ActiveCfg = Debug|Any CPU
		{0CBC5259-9088-4B26-938B-F028F6FECB44}.Debug|Any CPU.Build.0 = Debug|Any CPU
		{0CBC5259-9088-4B26-938B-F028F6FECB44}.Release|Any CPU.ActiveCfg = Release|Any CPU
		{0CBC5259-9088-4B26-938B-F028F6FECB44}.Release|Any CPU.Build.0 = Release|Any CPU
		{446B5940-2216-4624-B1F3-63463AB38AEA}.Debug|Any CPU.ActiveCfg = Debug|Any CPU
		{446B5940-2216-4624-B1F3-63463AB38AEA}.Debug|Any CPU.Build.0 = Debug|Any CPU
		{446B5940-2216-4624-B1F3-63463AB38AEA}.Release|Any CPU.ActiveCfg = Release|Any CPU
		{446B5940-2216-4624-B1F3-63463AB38AEA}.Release|Any CPU.Build.0 = Release|Any CPU
		{93918FBB-02A9-4D28-98C5-F7589A929973}.Debug|Any CPU.ActiveCfg = Debug|Any CPU
		{93918FBB-02A9-4D28-98C5-F7589A929973}.Debug|Any CPU.Build.0 = Debug|Any CPU
		{93918FBB-02A9-4D28-98C5-F7589A929973}.Release|Any CPU.ActiveCfg = Release|Any CPU
		{93918FBB-02A9-4D28-98C5-F7589A929973}.Release|Any CPU.Build.0 = Release|Any CPU
	EndGlobalSection
	GlobalSection(SolutionProperties) = preSolution
		HideSolutionNode = FALSE
	EndGlobalSection
	GlobalSection(ExtensibilityGlobals) = postSolution
		SolutionGuid = {106C2027-AF0F-4993-8365-27867CC545AF}
	EndGlobalSection
EndGlobal
